
Microsoft Visual Studio Solution File, Format Version 12.00
# Visual Studio Version 17
VisualStudioVersion = 17.8.34322.80
MinimumVisualStudioVersion = 10.0.40219.1
Project("{FAE04EC0-301F-11D3-BF4B-00C04F79EFBC}") = "MyTraining2", "MyTraining2.csproj", "{FC06744E-CE25-4B01-97EE-DB07874E4742}"
EndProject
Global
	GlobalSection(SolutionConfigurationPlatforms) = preSolution
		Debug|Any CPU = Debug|Any CPU
		Release|Any CPU = Release|Any CPU
	EndGlobalSection
	GlobalSection(ProjectConfigurationPlatforms) = postSolution
		{FC06744E-CE25-4B01-97EE-DB07874E4742}.Debug|Any CPU.ActiveCfg = Debug|Any CPU
		{FC06744E-CE25-4B01-97EE-DB07874E4742}.Debug|Any CPU.Build.0 = Debug|Any CPU
		{FC06744E-CE25-4B01-97EE-DB07874E4742}.Release|Any CPU.ActiveCfg = Release|Any CPU
		{FC06744E-CE25-4B01-97EE-DB07874E4742}.Release|Any CPU.Build.0 = Release|Any CPU
	EndGlobalSection
	GlobalSection(SolutionProperties) = preSolution
		HideSolutionNode = FALSE
	EndGlobalSection
	GlobalSection(ExtensibilityGlobals) = postSolution
		SolutionGuid = {8B1A6979-6345-496A-98AF-BABFD4026581}
	EndGlobalSection
EndGlobal
